
Microsoft Visual Studio Solution File, Format Version 12.00
# Visual Studio 2013
VisualStudioVersion = 12.0.30110.0
MinimumVisualStudioVersion = 10.0.40219.1
Project("{8BC9CEB8-8B4A-11D0-8D11-00A0C91BC942}") = "metrics", "metrics\metrics.vcxproj", "{84923870-0253-4348-912A-E7417381399D}"
EndProject
Project("{8BC9CEB8-8B4A-11D0-8D11-00A0C91BC942}") = "test", "test\test.vcxproj", "{66EB4157-8898-416F-90FE-0A0DBA1E9DCA}"
EndProject
Global
	GlobalSection(SolutionConfigurationPlatforms) = preSolution
		Debug_VS2010|Win32 = Debug_VS2010|Win32
		Debug|Win32 = Debug|Win32
		Release_VS2010|Win32 = Release_VS2010|Win32
		Release|Win32 = Release|Win32
	EndGlobalSection
	GlobalSection(ProjectConfigurationPlatforms) = postSolution
		{84923870-0253-4348-912A-E7417381399D}.Debug_VS2010|Win32.ActiveCfg = Debug_VS2010|Win32
		{84923870-0253-4348-912A-E7417381399D}.Debug_VS2010|Win32.Build.0 = Debug_VS2010|Win32
		{84923870-0253-4348-912A-E7417381399D}.Debug|Win32.ActiveCfg = Debug|Win32
		{84923870-0253-4348-912A-E7417381399D}.Debug|Win32.Build.0 = Debug|Win32
		{84923870-0253-4348-912A-E7417381399D}.Release_VS2010|Win32.ActiveCfg = Release_VS2010|Win32
		{84923870-0253-4348-912A-E7417381399D}.Release_VS2010|Win32.Build.0 = Release_VS2010|Win32
		{84923870-0253-4348-912A-E7417381399D}.Release|Win32.ActiveCfg = Release|Win32
		{84923870-0253-4348-912A-E7417381399D}.Release|Win32.Build.0 = Release|Win32
		{66EB4157-8898-416F-90FE-0A0DBA1E9DCA}.Debug_VS2010|Win32.ActiveCfg = Debug_VS2010|Win32
		{66EB4157-8898-416F-90FE-0A0DBA1E9DCA}.Debug_VS2010|Win32.Build.0 = Debug_VS2010|Win32
		{66EB4157-8898-416F-90FE-0A0DBA1E9DCA}.Debug|Win32.ActiveCfg = Debug|Win32
		{66EB4157-8898-416F-90FE-0A0DBA1E9DCA}.Debug|Win32.Build.0 = Debug|Win32
		{66EB4157-8898-416F-90FE-0A0DBA1E9DCA}.Release_VS2010|Win32.ActiveCfg = Release_VS2010|Win32
		{66EB4157-8898-416F-90FE-0A0DBA1E9DCA}.Release_VS2010|Win32.Build.0 = Release_VS2010|Win32
		{66EB4157-8898-416F-90FE-0A0DBA1E9DCA}.Release|Win32.ActiveCfg = Release|Win32
		{66EB4157-8898-416F-90FE-0A0DBA1E9DCA}.Release|Win32.Build.0 = Release|Win32
	EndGlobalSection
	GlobalSection(SolutionProperties) = preSolution
		HideSolutionNode = FALSE
	EndGlobalSection
EndGlobal
